
Microsoft Visual Studio Solution File, Format Version 12.00
# Visual Studio Version 16
VisualStudioVersion = 16.0.31129.286
MinimumVisualStudioVersion = 10.0.40219.1
Project("{FAE04EC0-301F-11D3-BF4B-00C04F79EFBC}") = "BadSuperbowlNamer", "BadSuperbowlNamer\BadSuperbowlNamer.csproj", "{859728AA-9B7B-40D3-8FF3-262ABA4630F2}"
EndProject
Project("{FAE04EC0-301F-11D3-BF4B-00C04F79EFBC}") = "BadSuperbowlNamer.Tests", "BadSuperbowlNamer.Tests\BadSuperbowlNamer.Tests.csproj", "{3748FF5F-5464-433B-BA25-220FDDD1494E}"
EndProject
Global
	GlobalSection(SolutionConfigurationPlatforms) = preSolution
		Debug|Any CPU = Debug|Any CPU
		Release|Any CPU = Release|Any CPU
	EndGlobalSection
	GlobalSection(ProjectConfigurationPlatforms) = postSolution
		{859728AA-9B7B-40D3-8FF3-262ABA4630F2}.Debug|Any CPU.ActiveCfg = Debug|Any CPU
		{859728AA-9B7B-40D3-8FF3-262ABA4630F2}.Debug|Any CPU.Build.0 = Debug|Any CPU
		{859728AA-9B7B-40D3-8FF3-262ABA4630F2}.Release|Any CPU.ActiveCfg = Release|Any CPU
		{859728AA-9B7B-40D3-8FF3-262ABA4630F2}.Release|Any CPU.Build.0 = Release|Any CPU
		{3748FF5F-5464-433B-BA25-220FDDD1494E}.Debug|Any CPU.ActiveCfg = Debug|Any CPU
		{3748FF5F-5464-433B-BA25-220FDDD1494E}.Debug|Any CPU.Build.0 = Debug|Any CPU
		{3748FF5F-5464-433B-BA25-220FDDD1494E}.Release|Any CPU.ActiveCfg = Release|Any CPU
		{3748FF5F-5464-433B-BA25-220FDDD1494E}.Release|Any CPU.Build.0 = Release|Any CPU
	EndGlobalSection
	GlobalSection(SolutionProperties) = preSolution
		HideSolutionNode = FALSE
	EndGlobalSection
	GlobalSection(ExtensibilityGlobals) = postSolution
		SolutionGuid = {1D6712A4-8B07-484B-8071-4E9CAA9CC73E}
	EndGlobalSection
EndGlobal
